// !$*UTF8*$!
{
	archiveVersion = 1;
	classes = {
	};
	objectVersion = 46;
	objects = {

/* Begin PBXBuildFile section */
		FBC085481EC4E5EF00003ED2 /* InfoPlist.strings in Resources */ = {isa = PBXBuildFile; fileRef = FBC0854A1EC4E5EF00003ED2 /* InfoPlist.strings */; };
		FBC0854D1EC4E5F000003ED2 /* Localizable.strings in Resources */ = {isa = PBXBuildFile; fileRef = FBC0854F1EC4E5F000003ED2 /* Localizable.strings */; };
		FBD51A4F1EC323370097C8B4 /* AppDelegate.swift in Sources */ = {isa = PBXBuildFile; fileRef = FBD51A4E1EC323370097C8B4 /* AppDelegate.swift */; };
		FBD51A541EC323370097C8B4 /* Main.storyboard in Resources */ = {isa = PBXBuildFile; fileRef = FBD51A521EC323370097C8B4 /* Main.storyboard */; };
		FBD51A561EC323370097C8B4 /* Assets.xcassets in Resources */ = {isa = PBXBuildFile; fileRef = FBD51A551EC323370097C8B4 /* Assets.xcassets */; };
		FBD51A591EC323380097C8B4 /* LaunchScreen.storyboard in Resources */ = {isa = PBXBuildFile; fileRef = FBD51A571EC323380097C8B4 /* LaunchScreen.storyboard */; };
		FBD51A611EC3237F0097C8B4 /* Customer.swift in Sources */ = {isa = PBXBuildFile; fileRef = FBD51A601EC3237F0097C8B4 /* Customer.swift */; };
		FBD51A631EC3238C0097C8B4 /* Product.swift in Sources */ = {isa = PBXBuildFile; fileRef = FBD51A621EC3238C0097C8B4 /* Product.swift */; };
		FBD51A651EC3239A0097C8B4 /* Order.swift in Sources */ = {isa = PBXBuildFile; fileRef = FBD51A641EC3239A0097C8B4 /* Order.swift */; };
		FBD51A681EC3245D0097C8B4 /* CustomerViewController.swift in Sources */ = {isa = PBXBuildFile; fileRef = FBD51A671EC3245D0097C8B4 /* CustomerViewController.swift */; };
		FBD51A6A1EC324690097C8B4 /* ProductViewController.swift in Sources */ = {isa = PBXBuildFile; fileRef = FBD51A691EC324690097C8B4 /* ProductViewController.swift */; };
		FBD51A6C1EC3247C0097C8B4 /* OrderViewController.swift in Sources */ = {isa = PBXBuildFile; fileRef = FBD51A6B1EC3247C0097C8B4 /* OrderViewController.swift */; };
		FBD51A6F1EC324A40097C8B4 /* CustomerTableViewController.swift in Sources */ = {isa = PBXBuildFile; fileRef = FBD51A6E1EC324A40097C8B4 /* CustomerTableViewController.swift */; };
		FBD51A711EC324AF0097C8B4 /* ProductTableViewController.swift in Sources */ = {isa = PBXBuildFile; fileRef = FBD51A701EC324AF0097C8B4 /* ProductTableViewController.swift */; };
		FBD51A731EC324BC0097C8B4 /* OrderTableViewController.swift in Sources */ = {isa = PBXBuildFile; fileRef = FBD51A721EC324BC0097C8B4 /* OrderTableViewController.swift */; };
		FBD51A751EC324CF0097C8B4 /* SelectTableViewController.swift in Sources */ = {isa = PBXBuildFile; fileRef = FBD51A741EC324CF0097C8B4 /* SelectTableViewController.swift */; };
/* End PBXBuildFile section */

/* Begin PBXFileReference section */
		FBC085441EC4E1C000003ED2 /* es */ = {isa = PBXFileReference; lastKnownFileType = text.plist.strings; name = es; path = es.lproj/Main.strings; sourceTree = "<group>"; };
		FBC085451EC4E1C000003ED2 /* es */ = {isa = PBXFileReference; lastKnownFileType = text.plist.strings; name = es; path = es.lproj/LaunchScreen.strings; sourceTree = "<group>"; };
		FBC085491EC4E5EF00003ED2 /* es */ = {isa = PBXFileReference; lastKnownFileType = text.plist.strings; name = es; path = es.lproj/InfoPlist.strings; sourceTree = "<group>"; };
		FBC0854E1EC4E5F000003ED2 /* es */ = {isa = PBXFileReference; lastKnownFileType = text.plist.strings; name = es; path = es.lproj/Localizable.strings; sourceTree = "<group>"; };
		FBD51A4B1EC323370097C8B4 /* OrdersExternalServer.app */ = {isa = PBXFileReference; explicitFileType = wrapper.application; includeInIndex = 0; path = OrdersExternalServer.app; sourceTree = BUILT_PRODUCTS_DIR; };
		FBD51A4E1EC323370097C8B4 /* AppDelegate.swift */ = {isa = PBXFileReference; lastKnownFileType = sourcecode.swift; path = AppDelegate.swift; sourceTree = "<group>"; };
		FBD51A531EC323370097C8B4 /* Base */ = {isa = PBXFileReference; lastKnownFileType = file.storyboard; name = Base; path = Base.lproj/Main.storyboard; sourceTree = "<group>"; };
		FBD51A551EC323370097C8B4 /* Assets.xcassets */ = {isa = PBXFileReference; lastKnownFileType = folder.assetcatalog; path = Assets.xcassets; sourceTree = "<group>"; };
		FBD51A581EC323380097C8B4 /* Base */ = {isa = PBXFileReference; lastKnownFileType = file.storyboard; name = Base; path = Base.lproj/LaunchScreen.storyboard; sourceTree = "<group>"; };
		FBD51A5A1EC323380097C8B4 /* Info.plist */ = {isa = PBXFileReference; lastKnownFileType = text.plist.xml; path = Info.plist; sourceTree = "<group>"; };
		FBD51A601EC3237F0097C8B4 /* Customer.swift */ = {isa = PBXFileReference; fileEncoding = 4; lastKnownFileType = sourcecode.swift; path = Customer.swift; sourceTree = "<group>"; };
		FBD51A621EC3238C0097C8B4 /* Product.swift */ = {isa = PBXFileReference; fileEncoding = 4; lastKnownFileType = sourcecode.swift; path = Product.swift; sourceTree = "<group>"; };
		FBD51A641EC3239A0097C8B4 /* Order.swift */ = {isa = PBXFileReference; fileEncoding = 4; lastKnownFileType = sourcecode.swift; path = Order.swift; sourceTree = "<group>"; };
		FBD51A671EC3245D0097C8B4 /* CustomerViewController.swift */ = {isa = PBXFileReference; fileEncoding = 4; lastKnownFileType = sourcecode.swift; path = CustomerViewController.swift; sourceTree = "<group>"; };
		FBD51A691EC324690097C8B4 /* ProductViewController.swift */ = {isa = PBXFileReference; fileEncoding = 4; lastKnownFileType = sourcecode.swift; path = ProductViewController.swift; sourceTree = "<group>"; };
		FBD51A6B1EC3247C0097C8B4 /* OrderViewController.swift */ = {isa = PBXFileReference; fileEncoding = 4; lastKnownFileType = sourcecode.swift; path = OrderViewController.swift; sourceTree = "<group>"; };
		FBD51A6E1EC324A40097C8B4 /* CustomerTableViewController.swift */ = {isa = PBXFileReference; fileEncoding = 4; lastKnownFileType = sourcecode.swift; path = CustomerTableViewController.swift; sourceTree = "<group>"; };
		FBD51A701EC324AF0097C8B4 /* ProductTableViewController.swift */ = {isa = PBXFileReference; fileEncoding = 4; lastKnownFileType = sourcecode.swift; path = ProductTableViewController.swift; sourceTree = "<group>"; };
		FBD51A721EC324BC0097C8B4 /* OrderTableViewController.swift */ = {isa = PBXFileReference; fileEncoding = 4; lastKnownFileType = sourcecode.swift; path = OrderTableViewController.swift; sourceTree = "<group>"; };
		FBD51A741EC324CF0097C8B4 /* SelectTableViewController.swift */ = {isa = PBXFileReference; fileEncoding = 4; lastKnownFileType = sourcecode.swift; path = SelectTableViewController.swift; sourceTree = "<group>"; };
/* End PBXFileReference section */

/* Begin PBXFrameworksBuildPhase section */
		FBD51A481EC323370097C8B4 /* Frameworks */ = {
			isa = PBXFrameworksBuildPhase;
			buildActionMask = 2147483647;
			files = (
			);
			runOnlyForDeploymentPostprocessing = 0;
		};
/* End PBXFrameworksBuildPhase section */

/* Begin PBXGroup section */
		FBD51A421EC323370097C8B4 = {
			isa = PBXGroup;
			children = (
				FBD51A4D1EC323370097C8B4 /* OrdersExternalServer */,
				FBD51A4C1EC323370097C8B4 /* Products */,
			);
			sourceTree = "<group>";
		};
		FBD51A4C1EC323370097C8B4 /* Products */ = {
			isa = PBXGroup;
			children = (
				FBD51A4B1EC323370097C8B4 /* OrdersExternalServer.app */,
			);
			name = Products;
			sourceTree = "<group>";
		};
		FBD51A4D1EC323370097C8B4 /* OrdersExternalServer */ = {
			isa = PBXGroup;
			children = (
				FBC0854F1EC4E5F000003ED2 /* Localizable.strings */,
				FBC0854A1EC4E5EF00003ED2 /* InfoPlist.strings */,
				FBD51A4E1EC323370097C8B4 /* AppDelegate.swift */,
				FBD51A521EC323370097C8B4 /* Main.storyboard */,
				FBD51A551EC323370097C8B4 /* Assets.xcassets */,
				FBD51A571EC323380097C8B4 /* LaunchScreen.storyboard */,
				FBD51A5A1EC323380097C8B4 /* Info.plist */,
				FBD51A6D1EC324850097C8B4 /* View Controllers */,
				FBD51A761EC325A00097C8B4 /* Table View Controllers */,
				FBD51A661EC323A20097C8B4 /* Model */,
			);
			path = OrdersExternalServer;
			sourceTree = "<group>";
		};
		FBD51A661EC323A20097C8B4 /* Model */ = {
			isa = PBXGroup;
			children = (
				FBD51A601EC3237F0097C8B4 /* Customer.swift */,
				FBD51A621EC3238C0097C8B4 /* Product.swift */,
				FBD51A641EC3239A0097C8B4 /* Order.swift */,
			);
			name = Model;
			sourceTree = "<group>";
		};
		FBD51A6D1EC324850097C8B4 /* View Controllers */ = {
			isa = PBXGroup;
			children = (
				FBD51A671EC3245D0097C8B4 /* CustomerViewController.swift */,
				FBD51A691EC324690097C8B4 /* ProductViewController.swift */,
				FBD51A6B1EC3247C0097C8B4 /* OrderViewController.swift */,
			);
			name = "View Controllers";
			sourceTree = "<group>";
		};
		FBD51A761EC325A00097C8B4 /* Table View Controllers */ = {
			isa = PBXGroup;
			children = (
				FBD51A6E1EC324A40097C8B4 /* CustomerTableViewController.swift */,
				FBD51A701EC324AF0097C8B4 /* ProductTableViewController.swift */,
				FBD51A721EC324BC0097C8B4 /* OrderTableViewController.swift */,
				FBD51A741EC324CF0097C8B4 /* SelectTableViewController.swift */,
			);
			name = "Table View Controllers";
			sourceTree = "<group>";
		};
/* End PBXGroup section */

/* Begin PBXNativeTarget section */
		FBD51A4A1EC323370097C8B4 /* OrdersExternalServer */ = {
			isa = PBXNativeTarget;
			buildConfigurationList = FBD51A5D1EC323380097C8B4 /* Build configuration list for PBXNativeTarget "OrdersExternalServer" */;
			buildPhases = (
				FBD51A471EC323370097C8B4 /* Sources */,
				FBD51A481EC323370097C8B4 /* Frameworks */,
				FBD51A491EC323370097C8B4 /* Resources */,
			);
			buildRules = (
			);
			dependencies = (
			);
			name = OrdersExternalServer;
			productName = OrdersExternalServer;
			productReference = FBD51A4B1EC323370097C8B4 /* OrdersExternalServer.app */;
			productType = "com.apple.product-type.application";
		};
/* End PBXNativeTarget section */

/* Begin PBXProject section */
		FBD51A431EC323370097C8B4 /* Project object */ = {
			isa = PBXProject;
			attributes = {
				LastSwiftUpdateCheck = 0820;
				LastUpgradeCheck = 0820;
				ORGANIZATIONNAME = Alumno;
				TargetAttributes = {
					FBD51A4A1EC323370097C8B4 = {
						CreatedOnToolsVersion = 8.2.1;
						ProvisioningStyle = Automatic;
					};
				};
			};
			buildConfigurationList = FBD51A461EC323370097C8B4 /* Build configuration list for PBXProject "OrdersExternalServer" */;
			compatibilityVersion = "Xcode 3.2";
			developmentRegion = English;
			hasScannedForEncodings = 0;
			knownRegions = (
				en,
				Base,
			);
			mainGroup = FBD51A421EC323370097C8B4;
			productRefGroup = FBD51A4C1EC323370097C8B4 /* Products */;
			projectDirPath = "";
			projectRoot = "";
			targets = (
				FBD51A4A1EC323370097C8B4 /* OrdersExternalServer */,
			);
		};
/* End PBXProject section */

/* Begin PBXResourcesBuildPhase section */
		FBD51A491EC323370097C8B4 /* Resources */ = {
			isa = PBXResourcesBuildPhase;
			buildActionMask = 2147483647;
			files = (
				FBC0854D1EC4E5F000003ED2 /* Localizable.strings in Resources */,
				FBD51A591EC323380097C8B4 /* LaunchScreen.storyboard in Resources */,
				FBC085481EC4E5EF00003ED2 /* InfoPlist.strings in Resources */,
				FBD51A561EC323370097C8B4 /* Assets.xcassets in Resources */,
				FBD51A541EC323370097C8B4 /* Main.storyboard in Resources */,
			);
			runOnlyForDeploymentPostprocessing = 0;
		};
/* End PBXResourcesBuildPhase section */

/* Begin PBXSourcesBuildPhase section */
		FBD51A471EC323370097C8B4 /* Sources */ = {
			isa = PBXSourcesBuildPhase;
			buildActionMask = 2147483647;
			files = (
				FBD51A6A1EC324690097C8B4 /* ProductViewController.swift in Sources */,
				FBD51A711EC324AF0097C8B4 /* ProductTableViewController.swift in Sources */,
				FBD51A611EC3237F0097C8B4 /* Customer.swift in Sources */,
				FBD51A631EC3238C0097C8B4 /* Product.swift in Sources */,
				FBD51A6C1EC3247C0097C8B4 /* OrderViewController.swift in Sources */,
				FBD51A751EC324CF0097C8B4 /* SelectTableViewController.swift in Sources */,
				FBD51A681EC3245D0097C8B4 /* CustomerViewController.swift in Sources */,
				FBD51A731EC324BC0097C8B4 /* OrderTableViewController.swift in Sources */,
				FBD51A651EC3239A0097C8B4 /* Order.swift in Sources */,
				FBD51A4F1EC323370097C8B4 /* AppDelegate.swift in Sources */,
				FBD51A6F1EC324A40097C8B4 /* CustomerTableViewController.swift in Sources */,
			);
			runOnlyForDeploymentPostprocessing = 0;
		};
/* End PBXSourcesBuildPhase section */

/* Begin PBXVariantGroup section */
		FBC0854A1EC4E5EF00003ED2 /* InfoPlist.strings */ = {
			isa = PBXVariantGroup;
			children = (
				FBC085491EC4E5EF00003ED2 /* es */,
			);
			name = InfoPlist.strings;
			sourceTree = "<group>";
		};
		FBC0854F1EC4E5F000003ED2 /* Localizable.strings */ = {
			isa = PBXVariantGroup;
			children = (
				FBC0854E1EC4E5F000003ED2 /* es */,
			);
			name = Localizable.strings;
			sourceTree = "<group>";
		};
		FBD51A521EC323370097C8B4 /* Main.storyboard */ = {
			isa = PBXVariantGroup;
			children = (
				FBD51A531EC323370097C8B4 /* Base */,
				FBC085441EC4E1C000003ED2 /* es */,
			);
			name = Main.storyboard;
			sourceTree = "<group>";
		};
		FBD51A571EC323380097C8B4 /* LaunchScreen.storyboard */ = {
			isa = PBXVariantGroup;
			children = (
				FBD51A581EC323380097C8B4 /* Base */,
				FBC085451EC4E1C000003ED2 /* es */,
			);
			name = LaunchScreen.storyboard;
			sourceTree = "<group>";
		};
/* End PBXVariantGroup section */

/* Begin XCBuildConfiguration section */
		FBD51A5B1EC323380097C8B4 /* Debug */ = {
			isa = XCBuildConfiguration;
			buildSettings = {
				ALWAYS_SEARCH_USER_PATHS = NO;
				CLANG_ANALYZER_LOCALIZABILITY_NONLOCALIZED = YES;
				CLANG_ANALYZER_NONNULL = YES;
				CLANG_CXX_LANGUAGE_STANDARD = "gnu++0x";
				CLANG_CXX_LIBRARY = "libc++";
				CLANG_ENABLE_MODULES = YES;
				CLANG_ENABLE_OBJC_ARC = YES;
				CLANG_WARN_BOOL_CONVERSION = YES;
				CLANG_WARN_CONSTANT_CONVERSION = YES;
				CLANG_WARN_DIRECT_OBJC_ISA_USAGE = YES_ERROR;
				CLANG_WARN_DOCUMENTATION_COMMENTS = YES;
				CLANG_WARN_EMPTY_BODY = YES;
				CLANG_WARN_ENUM_CONVERSION = YES;
				CLANG_WARN_INFINITE_RECURSION = YES;
				CLANG_WARN_INT_CONVERSION = YES;
				CLANG_WARN_OBJC_ROOT_CLASS = YES_ERROR;
				CLANG_WARN_SUSPICIOUS_MOVE = YES;
				CLANG_WARN_UNREACHABLE_CODE = YES;
				CLANG_WARN__DUPLICATE_METHOD_MATCH = YES;
				"CODE_SIGN_IDENTITY[sdk=iphoneos*]" = "iPhone Developer";
				COPY_PHASE_STRIP = NO;
				DEBUG_INFORMATION_FORMAT = dwarf;
				ENABLE_STRICT_OBJC_MSGSEND = YES;
				ENABLE_TESTABILITY = YES;
				GCC_C_LANGUAGE_STANDARD = gnu99;
				GCC_DYNAMIC_NO_PIC = NO;
				GCC_NO_COMMON_BLOCKS = YES;
				GCC_OPTIMIZATION_LEVEL = 0;
				GCC_PREPROCESSOR_DEFINITIONS = (
					"DEBUG=1",
					"$(inherited)",
				);
				GCC_WARN_64_TO_32_BIT_CONVERSION = YES;
				GCC_WARN_ABOUT_RETURN_TYPE = YES_ERROR;
				GCC_WARN_UNDECLARED_SELECTOR = YES;
				GCC_WARN_UNINITIALIZED_AUTOS = YES_AGGRESSIVE;
				GCC_WARN_UNUSED_FUNCTION = YES;
				GCC_WARN_UNUSED_VARIABLE = YES;
				IPHONEOS_DEPLOYMENT_TARGET = 10.2;
				MTL_ENABLE_DEBUG_INFO = YES;
				ONLY_ACTIVE_ARCH = YES;
				SDKROOT = iphoneos;
				SWIFT_ACTIVE_COMPILATION_CONDITIONS = DEBUG;
				SWIFT_OPTIMIZATION_LEVEL = "-Onone";
				TARGETED_DEVICE_FAMILY = "1,2";
			};
			name = Debug;
		};
		FBD51A5C1EC323380097C8B4 /* Release */ = {
			isa = XCBuildConfiguration;
			buildSettings = {
				ALWAYS_SEARCH_USER_PATHS = NO;
				CLANG_ANALYZER_LOCALIZABILITY_NONLOCALIZED = YES;
				CLANG_ANALYZER_NONNULL = YES;
				CLANG_CXX_LANGUAGE_STANDARD = "gnu++0x";
				CLANG_CXX_LIBRARY = "libc++";
				CLANG_ENABLE_MODULES = YES;
				CLANG_ENABLE_OBJC_ARC = YES;
				CLANG_WARN_BOOL_CONVERSION = YES;
				CLANG_WARN_CONSTANT_CONVERSION = YES;
				CLANG_WARN_DIRECT_OBJC_ISA_USAGE = YES_ERROR;
				CLANG_WARN_DOCUMENTATION_COMMENTS = YES;
				CLANG_WARN_EMPTY_BODY = YES;
				CLANG_WARN_ENUM_CONVERSION = YES;
				CLANG_WARN_INFINITE_RECURSION = YES;
				CLANG_WARN_INT_CONVERSION = YES;
				CLANG_WARN_OBJC_ROOT_CLASS = YES_ERROR;
				CLANG_WARN_SUSPICIOUS_MOVE = YES;
				CLANG_WARN_UNREACHABLE_CODE = YES;
				CLANG_WARN__DUPLICATE_METHOD_MATCH = YES;
				"CODE_SIGN_IDENTITY[sdk=iphoneos*]" = "iPhone Developer";
				COPY_PHASE_STRIP = NO;
				DEBUG_INFORMATION_FORMAT = "dwarf-with-dsym";
				ENABLE_NS_ASSERTIONS = NO;
				ENABLE_STRICT_OBJC_MSGSEND = YES;
				GCC_C_LANGUAGE_STANDARD = gnu99;
				GCC_NO_COMMON_BLOCKS = YES;
				GCC_WARN_64_TO_32_BIT_CONVERSION = YES;
				GCC_WARN_ABOUT_RETURN_TYPE = YES_ERROR;
				GCC_WARN_UNDECLARED_SELECTOR = YES;
				GCC_WARN_UNINITIALIZED_AUTOS = YES_AGGRESSIVE;
				GCC_WARN_UNUSED_FUNCTION = YES;
				GCC_WARN_UNUSED_VARIABLE = YES;
				IPHONEOS_DEPLOYMENT_TARGET = 10.2;
				MTL_ENABLE_DEBUG_INFO = NO;
				SDKROOT = iphoneos;
				SWIFT_OPTIMIZATION_LEVEL = "-Owholemodule";
				TARGETED_DEVICE_FAMILY = "1,2";
				VALIDATE_PRODUCT = YES;
			};
			name = Release;
		};
		FBD51A5E1EC323380097C8B4 /* Debug */ = {
			isa = XCBuildConfiguration;
			buildSettings = {
				ASSETCATALOG_COMPILER_APPICON_NAME = AppIcon;
				INFOPLIST_FILE = OrdersExternalServer/Info.plist;
				LD_RUNPATH_SEARCH_PATHS = "$(inherited) @executable_path/Frameworks";
				PRODUCT_BUNDLE_IDENTIFIER = es.ulpgc.eii.OrdersExternalServer;
				PRODUCT_NAME = "$(TARGET_NAME)";
				SWIFT_VERSION = 3.0;
			};
			name = Debug;
		};
		FBD51A5F1EC323380097C8B4 /* Release */ = {
			isa = XCBuildConfiguration;
			buildSettings = {
				ASSETCATALOG_COMPILER_APPICON_NAME = AppIcon;
				INFOPLIST_FILE = OrdersExternalServer/Info.plist;
				LD_RUNPATH_SEARCH_PATHS = "$(inherited) @executable_path/Frameworks";
				PRODUCT_BUNDLE_IDENTIFIER = es.ulpgc.eii.OrdersExternalServer;
				PRODUCT_NAME = "$(TARGET_NAME)";
				SWIFT_VERSION = 3.0;
			};
			name = Release;
		};
/* End XCBuildConfiguration section */

/* Begin XCConfigurationList section */
		FBD51A461EC323370097C8B4 /* Build configuration list for PBXProject "OrdersExternalServer" */ = {
			isa = XCConfigurationList;
			buildConfigurations = (
				FBD51A5B1EC323380097C8B4 /* Debug */,
				FBD51A5C1EC323380097C8B4 /* Release */,
			);
			defaultConfigurationIsVisible = 0;
			defaultConfigurationName = Release;
		};
		FBD51A5D1EC323380097C8B4 /* Build configuration list for PBXNativeTarget "OrdersExternalServer" */ = {
			isa = XCConfigurationList;
			buildConfigurations = (
				FBD51A5E1EC323380097C8B4 /* Debug */,
				FBD51A5F1EC323380097C8B4 /* Release */,
			);
			defaultConfigurationIsVisible = 0;
			defaultConfigurationName = Release;
		};
/* End XCConfigurationList section */
	};
	rootObject = FBD51A431EC323370097C8B4 /* Project object */;
}
