// !$*UTF8*$!
{
	archiveVersion = 1;
	classes = {
	};
	objectVersion = 46;
	objects = {

/* Begin PBXBuildFile section */
		FB3FEB0E1E94ED190044F66D /* Product+CoreDataClass.swift in Sources */ = {isa = PBXBuildFile; fileRef = FB3FEB081E94ED190044F66D /* Product+CoreDataClass.swift */; };
		FB3FEB0F1E94ED190044F66D /* Product+CoreDataProperties.swift in Sources */ = {isa = PBXBuildFile; fileRef = FB3FEB091E94ED190044F66D /* Product+CoreDataProperties.swift */; };
		FB3FEB101E94ED190044F66D /* Customer+CoreDataClass.swift in Sources */ = {isa = PBXBuildFile; fileRef = FB3FEB0A1E94ED190044F66D /* Customer+CoreDataClass.swift */; };
		FB3FEB111E94ED190044F66D /* Customer+CoreDataProperties.swift in Sources */ = {isa = PBXBuildFile; fileRef = FB3FEB0B1E94ED190044F66D /* Customer+CoreDataProperties.swift */; };
		FB3FEB121E94ED190044F66D /* Order+CoreDataClass.swift in Sources */ = {isa = PBXBuildFile; fileRef = FB3FEB0C1E94ED190044F66D /* Order+CoreDataClass.swift */; };
		FB3FEB131E94ED190044F66D /* Order+CoreDataProperties.swift in Sources */ = {isa = PBXBuildFile; fileRef = FB3FEB0D1E94ED190044F66D /* Order+CoreDataProperties.swift */; };
		FB7951471E93CF0E00663E2B /* SelectTableViewController.swift in Sources */ = {isa = PBXBuildFile; fileRef = FB7951461E93CF0E00663E2B /* SelectTableViewController.swift */; };
		FB84B9261E819FD400348F51 /* AppDelegate.swift in Sources */ = {isa = PBXBuildFile; fileRef = FB84B9251E819FD400348F51 /* AppDelegate.swift */; };
		FB84B92D1E819FD400348F51 /* Main.storyboard in Resources */ = {isa = PBXBuildFile; fileRef = FB84B92B1E819FD400348F51 /* Main.storyboard */; };
		FB84B92F1E819FD400348F51 /* Assets.xcassets in Resources */ = {isa = PBXBuildFile; fileRef = FB84B92E1E819FD400348F51 /* Assets.xcassets */; };
		FB84B9321E819FD400348F51 /* LaunchScreen.storyboard in Resources */ = {isa = PBXBuildFile; fileRef = FB84B9301E819FD400348F51 /* LaunchScreen.storyboard */; };
		FB84B93B1E81A00A00348F51 /* OrdersModel.xcdatamodeld in Sources */ = {isa = PBXBuildFile; fileRef = FB84B9391E81A00A00348F51 /* OrdersModel.xcdatamodeld */; };
		FBA504431E82E38900518D3C /* CustomerViewController.swift in Sources */ = {isa = PBXBuildFile; fileRef = FBA504421E82E38900518D3C /* CustomerViewController.swift */; };
		FBA504451E82E96800518D3C /* ProductViewController.swift in Sources */ = {isa = PBXBuildFile; fileRef = FBA504441E82E96800518D3C /* ProductViewController.swift */; };
		FBA504471E82F1DD00518D3C /* OrderViewController.swift in Sources */ = {isa = PBXBuildFile; fileRef = FBA504461E82F1DD00518D3C /* OrderViewController.swift */; };
		FBEF607D1E82A8BF00643E77 /* CustomerTableViewController.swift in Sources */ = {isa = PBXBuildFile; fileRef = FBEF607C1E82A8BF00643E77 /* CustomerTableViewController.swift */; };
		FBEF607F1E82A8EB00643E77 /* OrderTableViewController.swift in Sources */ = {isa = PBXBuildFile; fileRef = FBEF607E1E82A8EB00643E77 /* OrderTableViewController.swift */; };
		FBEF60811E82A90000643E77 /* ProductTableViewController.swift in Sources */ = {isa = PBXBuildFile; fileRef = FBEF60801E82A90000643E77 /* ProductTableViewController.swift */; };
/* End PBXBuildFile section */

/* Begin PBXFileReference section */
		FB1A29961E9672EF00E45FB8 /* es */ = {isa = PBXFileReference; lastKnownFileType = text.plist.strings; name = es; path = es.lproj/Main.strings; sourceTree = "<group>"; };
		FB1A29971E9672EF00E45FB8 /* es */ = {isa = PBXFileReference; lastKnownFileType = text.plist.strings; name = es; path = es.lproj/LaunchScreen.strings; sourceTree = "<group>"; };
		FB3FEB081E94ED190044F66D /* Product+CoreDataClass.swift */ = {isa = PBXFileReference; fileEncoding = 4; lastKnownFileType = sourcecode.swift; name = "Product+CoreDataClass.swift"; path = "../Product+CoreDataClass.swift"; sourceTree = "<group>"; };
		FB3FEB091E94ED190044F66D /* Product+CoreDataProperties.swift */ = {isa = PBXFileReference; fileEncoding = 4; lastKnownFileType = sourcecode.swift; name = "Product+CoreDataProperties.swift"; path = "../Product+CoreDataProperties.swift"; sourceTree = "<group>"; };
		FB3FEB0A1E94ED190044F66D /* Customer+CoreDataClass.swift */ = {isa = PBXFileReference; fileEncoding = 4; lastKnownFileType = sourcecode.swift; name = "Customer+CoreDataClass.swift"; path = "../Customer+CoreDataClass.swift"; sourceTree = "<group>"; };
		FB3FEB0B1E94ED190044F66D /* Customer+CoreDataProperties.swift */ = {isa = PBXFileReference; fileEncoding = 4; lastKnownFileType = sourcecode.swift; name = "Customer+CoreDataProperties.swift"; path = "../Customer+CoreDataProperties.swift"; sourceTree = "<group>"; };
		FB3FEB0C1E94ED190044F66D /* Order+CoreDataClass.swift */ = {isa = PBXFileReference; fileEncoding = 4; lastKnownFileType = sourcecode.swift; name = "Order+CoreDataClass.swift"; path = "../Order+CoreDataClass.swift"; sourceTree = "<group>"; };
		FB3FEB0D1E94ED190044F66D /* Order+CoreDataProperties.swift */ = {isa = PBXFileReference; fileEncoding = 4; lastKnownFileType = sourcecode.swift; name = "Order+CoreDataProperties.swift"; path = "../Order+CoreDataProperties.swift"; sourceTree = "<group>"; };
		FB7951461E93CF0E00663E2B /* SelectTableViewController.swift */ = {isa = PBXFileReference; fileEncoding = 4; lastKnownFileType = sourcecode.swift; path = SelectTableViewController.swift; sourceTree = "<group>"; };
		FB84B9221E819FD400348F51 /* Orders.app */ = {isa = PBXFileReference; explicitFileType = wrapper.application; includeInIndex = 0; path = Orders.app; sourceTree = BUILT_PRODUCTS_DIR; };
		FB84B9251E819FD400348F51 /* AppDelegate.swift */ = {isa = PBXFileReference; lastKnownFileType = sourcecode.swift; path = AppDelegate.swift; sourceTree = "<group>"; };
		FB84B92C1E819FD400348F51 /* Base */ = {isa = PBXFileReference; lastKnownFileType = file.storyboard; name = Base; path = Base.lproj/Main.storyboard; sourceTree = "<group>"; };
		FB84B92E1E819FD400348F51 /* Assets.xcassets */ = {isa = PBXFileReference; lastKnownFileType = folder.assetcatalog; path = Assets.xcassets; sourceTree = "<group>"; };
		FB84B9311E819FD400348F51 /* Base */ = {isa = PBXFileReference; lastKnownFileType = file.storyboard; name = Base; path = Base.lproj/LaunchScreen.storyboard; sourceTree = "<group>"; };
		FB84B9331E819FD400348F51 /* Info.plist */ = {isa = PBXFileReference; lastKnownFileType = text.plist.xml; path = Info.plist; sourceTree = "<group>"; };
		FB84B93A1E81A00A00348F51 /* OrdersModel.xcdatamodel */ = {isa = PBXFileReference; lastKnownFileType = wrapper.xcdatamodel; path = OrdersModel.xcdatamodel; sourceTree = "<group>"; };
		FBA504421E82E38900518D3C /* CustomerViewController.swift */ = {isa = PBXFileReference; fileEncoding = 4; lastKnownFileType = sourcecode.swift; path = CustomerViewController.swift; sourceTree = "<group>"; };
		FBA504441E82E96800518D3C /* ProductViewController.swift */ = {isa = PBXFileReference; fileEncoding = 4; lastKnownFileType = sourcecode.swift; path = ProductViewController.swift; sourceTree = "<group>"; };
		FBA504461E82F1DD00518D3C /* OrderViewController.swift */ = {isa = PBXFileReference; fileEncoding = 4; lastKnownFileType = sourcecode.swift; path = OrderViewController.swift; sourceTree = "<group>"; };
		FBEF607C1E82A8BF00643E77 /* CustomerTableViewController.swift */ = {isa = PBXFileReference; fileEncoding = 4; lastKnownFileType = sourcecode.swift; name = CustomerTableViewController.swift; path = ../CustomerTableViewController.swift; sourceTree = "<group>"; };
		FBEF607E1E82A8EB00643E77 /* OrderTableViewController.swift */ = {isa = PBXFileReference; fileEncoding = 4; lastKnownFileType = sourcecode.swift; path = OrderTableViewController.swift; sourceTree = "<group>"; };
		FBEF60801E82A90000643E77 /* ProductTableViewController.swift */ = {isa = PBXFileReference; fileEncoding = 4; lastKnownFileType = sourcecode.swift; path = ProductTableViewController.swift; sourceTree = "<group>"; };
/* End PBXFileReference section */

/* Begin PBXFrameworksBuildPhase section */
		FB84B91F1E819FD400348F51 /* Frameworks */ = {
			isa = PBXFrameworksBuildPhase;
			buildActionMask = 2147483647;
			files = (
			);
			runOnlyForDeploymentPostprocessing = 0;
		};
/* End PBXFrameworksBuildPhase section */

/* Begin PBXGroup section */
		FB1B24661E8AD93A00FD2494 /* Data Sources */ = {
			isa = PBXGroup;
			children = (
				FB3FEB081E94ED190044F66D /* Product+CoreDataClass.swift */,
				FB3FEB091E94ED190044F66D /* Product+CoreDataProperties.swift */,
				FB3FEB0A1E94ED190044F66D /* Customer+CoreDataClass.swift */,
				FB3FEB0B1E94ED190044F66D /* Customer+CoreDataProperties.swift */,
				FB3FEB0C1E94ED190044F66D /* Order+CoreDataClass.swift */,
				FB3FEB0D1E94ED190044F66D /* Order+CoreDataProperties.swift */,
			);
			name = "Data Sources";
			sourceTree = "<group>";
		};
		FB84B9191E819FD400348F51 = {
			isa = PBXGroup;
			children = (
				FB84B9241E819FD400348F51 /* Orders */,
				FB84B9231E819FD400348F51 /* Products */,
			);
			sourceTree = "<group>";
		};
		FB84B9231E819FD400348F51 /* Products */ = {
			isa = PBXGroup;
			children = (
				FB84B9221E819FD400348F51 /* Orders.app */,
			);
			name = Products;
			sourceTree = "<group>";
		};
		FB84B9241E819FD400348F51 /* Orders */ = {
			isa = PBXGroup;
			children = (
				FB1B24661E8AD93A00FD2494 /* Data Sources */,
				FBEF607C1E82A8BF00643E77 /* CustomerTableViewController.swift */,
				FBA504421E82E38900518D3C /* CustomerViewController.swift */,
				FBEF60801E82A90000643E77 /* ProductTableViewController.swift */,
				FBA504441E82E96800518D3C /* ProductViewController.swift */,
				FBEF607E1E82A8EB00643E77 /* OrderTableViewController.swift */,
				FBA504461E82F1DD00518D3C /* OrderViewController.swift */,
				FB7951461E93CF0E00663E2B /* SelectTableViewController.swift */,
				FB84B9251E819FD400348F51 /* AppDelegate.swift */,
				FB84B92B1E819FD400348F51 /* Main.storyboard */,
				FB84B92E1E819FD400348F51 /* Assets.xcassets */,
				FB84B9301E819FD400348F51 /* LaunchScreen.storyboard */,
				FB84B9331E819FD400348F51 /* Info.plist */,
				FB84B9391E81A00A00348F51 /* OrdersModel.xcdatamodeld */,
			);
			path = Orders;
			sourceTree = "<group>";
		};
/* End PBXGroup section */

/* Begin PBXNativeTarget section */
		FB84B9211E819FD400348F51 /* Orders */ = {
			isa = PBXNativeTarget;
			buildConfigurationList = FB84B9361E819FD400348F51 /* Build configuration list for PBXNativeTarget "Orders" */;
			buildPhases = (
				FB84B91E1E819FD400348F51 /* Sources */,
				FB84B91F1E819FD400348F51 /* Frameworks */,
				FB84B9201E819FD400348F51 /* Resources */,
			);
			buildRules = (
			);
			dependencies = (
			);
			name = Orders;
			productName = Orders;
			productReference = FB84B9221E819FD400348F51 /* Orders.app */;
			productType = "com.apple.product-type.application";
		};
/* End PBXNativeTarget section */

/* Begin PBXProject section */
		FB84B91A1E819FD400348F51 /* Project object */ = {
			isa = PBXProject;
			attributes = {
				LastSwiftUpdateCheck = 0820;
				LastUpgradeCheck = 0820;
				ORGANIZATIONNAME = Alumno;
				TargetAttributes = {
					FB84B9211E819FD400348F51 = {
						CreatedOnToolsVersion = 8.2.1;
						ProvisioningStyle = Automatic;
					};
				};
			};
			buildConfigurationList = FB84B91D1E819FD400348F51 /* Build configuration list for PBXProject "Orders" */;
			compatibilityVersion = "Xcode 3.2";
			developmentRegion = English;
			hasScannedForEncodings = 0;
			knownRegions = (
				en,
				Base,
			);
			mainGroup = FB84B9191E819FD400348F51;
			productRefGroup = FB84B9231E819FD400348F51 /* Products */;
			projectDirPath = "";
			projectRoot = "";
			targets = (
				FB84B9211E819FD400348F51 /* Orders */,
			);
		};
/* End PBXProject section */

/* Begin PBXResourcesBuildPhase section */
		FB84B9201E819FD400348F51 /* Resources */ = {
			isa = PBXResourcesBuildPhase;
			buildActionMask = 2147483647;
			files = (
				FB84B9321E819FD400348F51 /* LaunchScreen.storyboard in Resources */,
				FB84B92F1E819FD400348F51 /* Assets.xcassets in Resources */,
				FB84B92D1E819FD400348F51 /* Main.storyboard in Resources */,
			);
			runOnlyForDeploymentPostprocessing = 0;
		};
/* End PBXResourcesBuildPhase section */

/* Begin PBXSourcesBuildPhase section */
		FB84B91E1E819FD400348F51 /* Sources */ = {
			isa = PBXSourcesBuildPhase;
			buildActionMask = 2147483647;
			files = (
				FBA504431E82E38900518D3C /* CustomerViewController.swift in Sources */,
				FBEF607F1E82A8EB00643E77 /* OrderTableViewController.swift in Sources */,
				FB3FEB121E94ED190044F66D /* Order+CoreDataClass.swift in Sources */,
				FB84B93B1E81A00A00348F51 /* OrdersModel.xcdatamodeld in Sources */,
				FB3FEB0F1E94ED190044F66D /* Product+CoreDataProperties.swift in Sources */,
				FB3FEB0E1E94ED190044F66D /* Product+CoreDataClass.swift in Sources */,
				FBA504451E82E96800518D3C /* ProductViewController.swift in Sources */,
				FB84B9261E819FD400348F51 /* AppDelegate.swift in Sources */,
				FB3FEB111E94ED190044F66D /* Customer+CoreDataProperties.swift in Sources */,
				FB7951471E93CF0E00663E2B /* SelectTableViewController.swift in Sources */,
				FBEF607D1E82A8BF00643E77 /* CustomerTableViewController.swift in Sources */,
				FB3FEB101E94ED190044F66D /* Customer+CoreDataClass.swift in Sources */,
				FB3FEB131E94ED190044F66D /* Order+CoreDataProperties.swift in Sources */,
				FBEF60811E82A90000643E77 /* ProductTableViewController.swift in Sources */,
				FBA504471E82F1DD00518D3C /* OrderViewController.swift in Sources */,
			);
			runOnlyForDeploymentPostprocessing = 0;
		};
/* End PBXSourcesBuildPhase section */

/* Begin PBXVariantGroup section */
		FB84B92B1E819FD400348F51 /* Main.storyboard */ = {
			isa = PBXVariantGroup;
			children = (
				FB84B92C1E819FD400348F51 /* Base */,
				FB1A29961E9672EF00E45FB8 /* es */,
			);
			name = Main.storyboard;
			sourceTree = "<group>";
		};
		FB84B9301E819FD400348F51 /* LaunchScreen.storyboard */ = {
			isa = PBXVariantGroup;
			children = (
				FB84B9311E819FD400348F51 /* Base */,
				FB1A29971E9672EF00E45FB8 /* es */,
			);
			name = LaunchScreen.storyboard;
			sourceTree = "<group>";
		};
/* End PBXVariantGroup section */

/* Begin XCBuildConfiguration section */
		FB84B9341E819FD400348F51 /* Debug */ = {
			isa = XCBuildConfiguration;
			buildSettings = {
				ALWAYS_SEARCH_USER_PATHS = NO;
				CLANG_ANALYZER_LOCALIZABILITY_NONLOCALIZED = YES;
				CLANG_ANALYZER_NONNULL = YES;
				CLANG_CXX_LANGUAGE_STANDARD = "gnu++0x";
				CLANG_CXX_LIBRARY = "libc++";
				CLANG_ENABLE_MODULES = YES;
				CLANG_ENABLE_OBJC_ARC = YES;
				CLANG_WARN_BOOL_CONVERSION = YES;
				CLANG_WARN_CONSTANT_CONVERSION = YES;
				CLANG_WARN_DIRECT_OBJC_ISA_USAGE = YES_ERROR;
				CLANG_WARN_DOCUMENTATION_COMMENTS = YES;
				CLANG_WARN_EMPTY_BODY = YES;
				CLANG_WARN_ENUM_CONVERSION = YES;
				CLANG_WARN_INFINITE_RECURSION = YES;
				CLANG_WARN_INT_CONVERSION = YES;
				CLANG_WARN_OBJC_ROOT_CLASS = YES_ERROR;
				CLANG_WARN_SUSPICIOUS_MOVE = YES;
				CLANG_WARN_UNREACHABLE_CODE = YES;
				CLANG_WARN__DUPLICATE_METHOD_MATCH = YES;
				"CODE_SIGN_IDENTITY[sdk=iphoneos*]" = "iPhone Developer";
				COPY_PHASE_STRIP = NO;
				DEBUG_INFORMATION_FORMAT = dwarf;
				ENABLE_STRICT_OBJC_MSGSEND = YES;
				ENABLE_TESTABILITY = YES;
				GCC_C_LANGUAGE_STANDARD = gnu99;
				GCC_DYNAMIC_NO_PIC = NO;
				GCC_NO_COMMON_BLOCKS = YES;
				GCC_OPTIMIZATION_LEVEL = 0;
				GCC_PREPROCESSOR_DEFINITIONS = (
					"DEBUG=1",
					"$(inherited)",
				);
				GCC_WARN_64_TO_32_BIT_CONVERSION = YES;
				GCC_WARN_ABOUT_RETURN_TYPE = YES_ERROR;
				GCC_WARN_UNDECLARED_SELECTOR = YES;
				GCC_WARN_UNINITIALIZED_AUTOS = YES_AGGRESSIVE;
				GCC_WARN_UNUSED_FUNCTION = YES;
				GCC_WARN_UNUSED_VARIABLE = YES;
				IPHONEOS_DEPLOYMENT_TARGET = 10.2;
				MTL_ENABLE_DEBUG_INFO = YES;
				ONLY_ACTIVE_ARCH = YES;
				SDKROOT = iphoneos;
				SWIFT_ACTIVE_COMPILATION_CONDITIONS = DEBUG;
				SWIFT_OPTIMIZATION_LEVEL = "-Onone";
				TARGETED_DEVICE_FAMILY = "1,2";
			};
			name = Debug;
		};
		FB84B9351E819FD400348F51 /* Release */ = {
			isa = XCBuildConfiguration;
			buildSettings = {
				ALWAYS_SEARCH_USER_PATHS = NO;
				CLANG_ANALYZER_LOCALIZABILITY_NONLOCALIZED = YES;
				CLANG_ANALYZER_NONNULL = YES;
				CLANG_CXX_LANGUAGE_STANDARD = "gnu++0x";
				CLANG_CXX_LIBRARY = "libc++";
				CLANG_ENABLE_MODULES = YES;
				CLANG_ENABLE_OBJC_ARC = YES;
				CLANG_WARN_BOOL_CONVERSION = YES;
				CLANG_WARN_CONSTANT_CONVERSION = YES;
				CLANG_WARN_DIRECT_OBJC_ISA_USAGE = YES_ERROR;
				CLANG_WARN_DOCUMENTATION_COMMENTS = YES;
				CLANG_WARN_EMPTY_BODY = YES;
				CLANG_WARN_ENUM_CONVERSION = YES;
				CLANG_WARN_INFINITE_RECURSION = YES;
				CLANG_WARN_INT_CONVERSION = YES;
				CLANG_WARN_OBJC_ROOT_CLASS = YES_ERROR;
				CLANG_WARN_SUSPICIOUS_MOVE = YES;
				CLANG_WARN_UNREACHABLE_CODE = YES;
				CLANG_WARN__DUPLICATE_METHOD_MATCH = YES;
				"CODE_SIGN_IDENTITY[sdk=iphoneos*]" = "iPhone Developer";
				COPY_PHASE_STRIP = NO;
				DEBUG_INFORMATION_FORMAT = "dwarf-with-dsym";
				ENABLE_NS_ASSERTIONS = NO;
				ENABLE_STRICT_OBJC_MSGSEND = YES;
				GCC_C_LANGUAGE_STANDARD = gnu99;
				GCC_NO_COMMON_BLOCKS = YES;
				GCC_WARN_64_TO_32_BIT_CONVERSION = YES;
				GCC_WARN_ABOUT_RETURN_TYPE = YES_ERROR;
				GCC_WARN_UNDECLARED_SELECTOR = YES;
				GCC_WARN_UNINITIALIZED_AUTOS = YES_AGGRESSIVE;
				GCC_WARN_UNUSED_FUNCTION = YES;
				GCC_WARN_UNUSED_VARIABLE = YES;
				IPHONEOS_DEPLOYMENT_TARGET = 10.2;
				MTL_ENABLE_DEBUG_INFO = NO;
				SDKROOT = iphoneos;
				SWIFT_OPTIMIZATION_LEVEL = "-Owholemodule";
				TARGETED_DEVICE_FAMILY = "1,2";
				VALIDATE_PRODUCT = YES;
			};
			name = Release;
		};
		FB84B9371E819FD400348F51 /* Debug */ = {
			isa = XCBuildConfiguration;
			buildSettings = {
				ASSETCATALOG_COMPILER_APPICON_NAME = AppIcon;
				INFOPLIST_FILE = Orders/Info.plist;
				LD_RUNPATH_SEARCH_PATHS = "$(inherited) @executable_path/Frameworks";
				PRODUCT_BUNDLE_IDENTIFIER = es.ulpgc.eii.Orders;
				PRODUCT_NAME = "$(TARGET_NAME)";
				SWIFT_VERSION = 3.0;
			};
			name = Debug;
		};
		FB84B9381E819FD400348F51 /* Release */ = {
			isa = XCBuildConfiguration;
			buildSettings = {
				ASSETCATALOG_COMPILER_APPICON_NAME = AppIcon;
				INFOPLIST_FILE = Orders/Info.plist;
				LD_RUNPATH_SEARCH_PATHS = "$(inherited) @executable_path/Frameworks";
				PRODUCT_BUNDLE_IDENTIFIER = es.ulpgc.eii.Orders;
				PRODUCT_NAME = "$(TARGET_NAME)";
				SWIFT_VERSION = 3.0;
			};
			name = Release;
		};
/* End XCBuildConfiguration section */

/* Begin XCConfigurationList section */
		FB84B91D1E819FD400348F51 /* Build configuration list for PBXProject "Orders" */ = {
			isa = XCConfigurationList;
			buildConfigurations = (
				FB84B9341E819FD400348F51 /* Debug */,
				FB84B9351E819FD400348F51 /* Release */,
			);
			defaultConfigurationIsVisible = 0;
			defaultConfigurationName = Release;
		};
		FB84B9361E819FD400348F51 /* Build configuration list for PBXNativeTarget "Orders" */ = {
			isa = XCConfigurationList;
			buildConfigurations = (
				FB84B9371E819FD400348F51 /* Debug */,
				FB84B9381E819FD400348F51 /* Release */,
			);
			defaultConfigurationIsVisible = 0;
			defaultConfigurationName = Release;
		};
/* End XCConfigurationList section */

/* Begin XCVersionGroup section */
		FB84B9391E81A00A00348F51 /* OrdersModel.xcdatamodeld */ = {
			isa = XCVersionGroup;
			children = (
				FB84B93A1E81A00A00348F51 /* OrdersModel.xcdatamodel */,
			);
			currentVersion = FB84B93A1E81A00A00348F51 /* OrdersModel.xcdatamodel */;
			path = OrdersModel.xcdatamodeld;
			sourceTree = "<group>";
			versionGroupType = wrapper.xcdatamodel;
		};
/* End XCVersionGroup section */
	};
	rootObject = FB84B91A1E819FD400348F51 /* Project object */;
}
