// !$*UTF8*$!
{
	archiveVersion = 1;
	classes = {
	};
	objectVersion = 46;
	objects = {

/* Begin PBXBuildFile section */
		FBE75EFE1ED4461D00902F81 /* AppDelegate.swift in Sources */ = {isa = PBXBuildFile; fileRef = FBE75EFD1ED4461D00902F81 /* AppDelegate.swift */; };
		FBE75F001ED4461D00902F81 /* ViewController.swift in Sources */ = {isa = PBXBuildFile; fileRef = FBE75EFF1ED4461D00902F81 /* ViewController.swift */; };
		FBE75F031ED4461D00902F81 /* Main.storyboard in Resources */ = {isa = PBXBuildFile; fileRef = FBE75F011ED4461D00902F81 /* Main.storyboard */; };
		FBE75F051ED4461D00902F81 /* Assets.xcassets in Resources */ = {isa = PBXBuildFile; fileRef = FBE75F041ED4461D00902F81 /* Assets.xcassets */; };
		FBE75F081ED4461D00902F81 /* LaunchScreen.storyboard in Resources */ = {isa = PBXBuildFile; fileRef = FBE75F061ED4461D00902F81 /* LaunchScreen.storyboard */; };
/* End PBXBuildFile section */

/* Begin PBXFileReference section */
		FBE75EFA1ED4461D00902F81 /* AnimatedClock.app */ = {isa = PBXFileReference; explicitFileType = wrapper.application; includeInIndex = 0; path = AnimatedClock.app; sourceTree = BUILT_PRODUCTS_DIR; };
		FBE75EFD1ED4461D00902F81 /* AppDelegate.swift */ = {isa = PBXFileReference; lastKnownFileType = sourcecode.swift; path = AppDelegate.swift; sourceTree = "<group>"; };
		FBE75EFF1ED4461D00902F81 /* ViewController.swift */ = {isa = PBXFileReference; lastKnownFileType = sourcecode.swift; path = ViewController.swift; sourceTree = "<group>"; };
		FBE75F021ED4461D00902F81 /* Base */ = {isa = PBXFileReference; lastKnownFileType = file.storyboard; name = Base; path = Base.lproj/Main.storyboard; sourceTree = "<group>"; };
		FBE75F041ED4461D00902F81 /* Assets.xcassets */ = {isa = PBXFileReference; lastKnownFileType = folder.assetcatalog; path = Assets.xcassets; sourceTree = "<group>"; };
		FBE75F071ED4461D00902F81 /* Base */ = {isa = PBXFileReference; lastKnownFileType = file.storyboard; name = Base; path = Base.lproj/LaunchScreen.storyboard; sourceTree = "<group>"; };
		FBE75F091ED4461D00902F81 /* Info.plist */ = {isa = PBXFileReference; lastKnownFileType = text.plist.xml; path = Info.plist; sourceTree = "<group>"; };
/* End PBXFileReference section */

/* Begin PBXFrameworksBuildPhase section */
		FBE75EF71ED4461C00902F81 /* Frameworks */ = {
			isa = PBXFrameworksBuildPhase;
			buildActionMask = 2147483647;
			files = (
			);
			runOnlyForDeploymentPostprocessing = 0;
		};
/* End PBXFrameworksBuildPhase section */

/* Begin PBXGroup section */
		FBE75EF11ED4461C00902F81 = {
			isa = PBXGroup;
			children = (
				FBE75EFC1ED4461D00902F81 /* AnimatedClock */,
				FBE75EFB1ED4461D00902F81 /* Products */,
			);
			sourceTree = "<group>";
		};
		FBE75EFB1ED4461D00902F81 /* Products */ = {
			isa = PBXGroup;
			children = (
				FBE75EFA1ED4461D00902F81 /* AnimatedClock.app */,
			);
			name = Products;
			sourceTree = "<group>";
		};
		FBE75EFC1ED4461D00902F81 /* AnimatedClock */ = {
			isa = PBXGroup;
			children = (
				FBE75EFD1ED4461D00902F81 /* AppDelegate.swift */,
				FBE75EFF1ED4461D00902F81 /* ViewController.swift */,
				FBE75F011ED4461D00902F81 /* Main.storyboard */,
				FBE75F041ED4461D00902F81 /* Assets.xcassets */,
				FBE75F061ED4461D00902F81 /* LaunchScreen.storyboard */,
				FBE75F091ED4461D00902F81 /* Info.plist */,
			);
			path = AnimatedClock;
			sourceTree = "<group>";
		};
/* End PBXGroup section */

/* Begin PBXNativeTarget section */
		FBE75EF91ED4461C00902F81 /* AnimatedClock */ = {
			isa = PBXNativeTarget;
			buildConfigurationList = FBE75F0C1ED4461D00902F81 /* Build configuration list for PBXNativeTarget "AnimatedClock" */;
			buildPhases = (
				FBE75EF61ED4461C00902F81 /* Sources */,
				FBE75EF71ED4461C00902F81 /* Frameworks */,
				FBE75EF81ED4461C00902F81 /* Resources */,
			);
			buildRules = (
			);
			dependencies = (
			);
			name = AnimatedClock;
			productName = AnimatedClock;
			productReference = FBE75EFA1ED4461D00902F81 /* AnimatedClock.app */;
			productType = "com.apple.product-type.application";
		};
/* End PBXNativeTarget section */

/* Begin PBXProject section */
		FBE75EF21ED4461C00902F81 /* Project object */ = {
			isa = PBXProject;
			attributes = {
				LastSwiftUpdateCheck = 0820;
				LastUpgradeCheck = 0820;
				ORGANIZATIONNAME = Alumno;
				TargetAttributes = {
					FBE75EF91ED4461C00902F81 = {
						CreatedOnToolsVersion = 8.2.1;
						DevelopmentTeam = CTLLY45L74;
						ProvisioningStyle = Automatic;
					};
				};
			};
			buildConfigurationList = FBE75EF51ED4461C00902F81 /* Build configuration list for PBXProject "AnimatedClock" */;
			compatibilityVersion = "Xcode 3.2";
			developmentRegion = English;
			hasScannedForEncodings = 0;
			knownRegions = (
				en,
				Base,
			);
			mainGroup = FBE75EF11ED4461C00902F81;
			productRefGroup = FBE75EFB1ED4461D00902F81 /* Products */;
			projectDirPath = "";
			projectRoot = "";
			targets = (
				FBE75EF91ED4461C00902F81 /* AnimatedClock */,
			);
		};
/* End PBXProject section */

/* Begin PBXResourcesBuildPhase section */
		FBE75EF81ED4461C00902F81 /* Resources */ = {
			isa = PBXResourcesBuildPhase;
			buildActionMask = 2147483647;
			files = (
				FBE75F081ED4461D00902F81 /* LaunchScreen.storyboard in Resources */,
				FBE75F051ED4461D00902F81 /* Assets.xcassets in Resources */,
				FBE75F031ED4461D00902F81 /* Main.storyboard in Resources */,
			);
			runOnlyForDeploymentPostprocessing = 0;
		};
/* End PBXResourcesBuildPhase section */

/* Begin PBXSourcesBuildPhase section */
		FBE75EF61ED4461C00902F81 /* Sources */ = {
			isa = PBXSourcesBuildPhase;
			buildActionMask = 2147483647;
			files = (
				FBE75F001ED4461D00902F81 /* ViewController.swift in Sources */,
				FBE75EFE1ED4461D00902F81 /* AppDelegate.swift in Sources */,
			);
			runOnlyForDeploymentPostprocessing = 0;
		};
/* End PBXSourcesBuildPhase section */

/* Begin PBXVariantGroup section */
		FBE75F011ED4461D00902F81 /* Main.storyboard */ = {
			isa = PBXVariantGroup;
			children = (
				FBE75F021ED4461D00902F81 /* Base */,
			);
			name = Main.storyboard;
			sourceTree = "<group>";
		};
		FBE75F061ED4461D00902F81 /* LaunchScreen.storyboard */ = {
			isa = PBXVariantGroup;
			children = (
				FBE75F071ED4461D00902F81 /* Base */,
			);
			name = LaunchScreen.storyboard;
			sourceTree = "<group>";
		};
/* End PBXVariantGroup section */

/* Begin XCBuildConfiguration section */
		FBE75F0A1ED4461D00902F81 /* Debug */ = {
			isa = XCBuildConfiguration;
			buildSettings = {
				ALWAYS_SEARCH_USER_PATHS = NO;
				CLANG_ANALYZER_NONNULL = YES;
				CLANG_CXX_LANGUAGE_STANDARD = "gnu++0x";
				CLANG_CXX_LIBRARY = "libc++";
				CLANG_ENABLE_MODULES = YES;
				CLANG_ENABLE_OBJC_ARC = YES;
				CLANG_WARN_BOOL_CONVERSION = YES;
				CLANG_WARN_CONSTANT_CONVERSION = YES;
				CLANG_WARN_DIRECT_OBJC_ISA_USAGE = YES_ERROR;
				CLANG_WARN_DOCUMENTATION_COMMENTS = YES;
				CLANG_WARN_EMPTY_BODY = YES;
				CLANG_WARN_ENUM_CONVERSION = YES;
				CLANG_WARN_INFINITE_RECURSION = YES;
				CLANG_WARN_INT_CONVERSION = YES;
				CLANG_WARN_OBJC_ROOT_CLASS = YES_ERROR;
				CLANG_WARN_SUSPICIOUS_MOVE = YES;
				CLANG_WARN_UNREACHABLE_CODE = YES;
				CLANG_WARN__DUPLICATE_METHOD_MATCH = YES;
				"CODE_SIGN_IDENTITY[sdk=iphoneos*]" = "iPhone Developer";
				COPY_PHASE_STRIP = NO;
				DEBUG_INFORMATION_FORMAT = dwarf;
				ENABLE_STRICT_OBJC_MSGSEND = YES;
				ENABLE_TESTABILITY = YES;
				GCC_C_LANGUAGE_STANDARD = gnu99;
				GCC_DYNAMIC_NO_PIC = NO;
				GCC_NO_COMMON_BLOCKS = YES;
				GCC_OPTIMIZATION_LEVEL = 0;
				GCC_PREPROCESSOR_DEFINITIONS = (
					"DEBUG=1",
					"$(inherited)",
				);
				GCC_WARN_64_TO_32_BIT_CONVERSION = YES;
				GCC_WARN_ABOUT_RETURN_TYPE = YES_ERROR;
				GCC_WARN_UNDECLARED_SELECTOR = YES;
				GCC_WARN_UNINITIALIZED_AUTOS = YES_AGGRESSIVE;
				GCC_WARN_UNUSED_FUNCTION = YES;
				GCC_WARN_UNUSED_VARIABLE = YES;
				IPHONEOS_DEPLOYMENT_TARGET = 10.2;
				MTL_ENABLE_DEBUG_INFO = YES;
				ONLY_ACTIVE_ARCH = YES;
				SDKROOT = iphoneos;
				SWIFT_ACTIVE_COMPILATION_CONDITIONS = DEBUG;
				SWIFT_OPTIMIZATION_LEVEL = "-Onone";
				TARGETED_DEVICE_FAMILY = "1,2";
			};
			name = Debug;
		};
		FBE75F0B1ED4461D00902F81 /* Release */ = {
			isa = XCBuildConfiguration;
			buildSettings = {
				ALWAYS_SEARCH_USER_PATHS = NO;
				CLANG_ANALYZER_NONNULL = YES;
				CLANG_CXX_LANGUAGE_STANDARD = "gnu++0x";
				CLANG_CXX_LIBRARY = "libc++";
				CLANG_ENABLE_MODULES = YES;
				CLANG_ENABLE_OBJC_ARC = YES;
				CLANG_WARN_BOOL_CONVERSION = YES;
				CLANG_WARN_CONSTANT_CONVERSION = YES;
				CLANG_WARN_DIRECT_OBJC_ISA_USAGE = YES_ERROR;
				CLANG_WARN_DOCUMENTATION_COMMENTS = YES;
				CLANG_WARN_EMPTY_BODY = YES;
				CLANG_WARN_ENUM_CONVERSION = YES;
				CLANG_WARN_INFINITE_RECURSION = YES;
				CLANG_WARN_INT_CONVERSION = YES;
				CLANG_WARN_OBJC_ROOT_CLASS = YES_ERROR;
				CLANG_WARN_SUSPICIOUS_MOVE = YES;
				CLANG_WARN_UNREACHABLE_CODE = YES;
				CLANG_WARN__DUPLICATE_METHOD_MATCH = YES;
				"CODE_SIGN_IDENTITY[sdk=iphoneos*]" = "iPhone Developer";
				COPY_PHASE_STRIP = NO;
				DEBUG_INFORMATION_FORMAT = "dwarf-with-dsym";
				ENABLE_NS_ASSERTIONS = NO;
				ENABLE_STRICT_OBJC_MSGSEND = YES;
				GCC_C_LANGUAGE_STANDARD = gnu99;
				GCC_NO_COMMON_BLOCKS = YES;
				GCC_WARN_64_TO_32_BIT_CONVERSION = YES;
				GCC_WARN_ABOUT_RETURN_TYPE = YES_ERROR;
				GCC_WARN_UNDECLARED_SELECTOR = YES;
				GCC_WARN_UNINITIALIZED_AUTOS = YES_AGGRESSIVE;
				GCC_WARN_UNUSED_FUNCTION = YES;
				GCC_WARN_UNUSED_VARIABLE = YES;
				IPHONEOS_DEPLOYMENT_TARGET = 10.2;
				MTL_ENABLE_DEBUG_INFO = NO;
				SDKROOT = iphoneos;
				SWIFT_OPTIMIZATION_LEVEL = "-Owholemodule";
				TARGETED_DEVICE_FAMILY = "1,2";
				VALIDATE_PRODUCT = YES;
			};
			name = Release;
		};
		FBE75F0D1ED4461D00902F81 /* Debug */ = {
			isa = XCBuildConfiguration;
			buildSettings = {
				ASSETCATALOG_COMPILER_APPICON_NAME = AppIcon;
				DEVELOPMENT_TEAM = CTLLY45L74;
				INFOPLIST_FILE = AnimatedClock/Info.plist;
				IPHONEOS_DEPLOYMENT_TARGET = 9.3;
				LD_RUNPATH_SEARCH_PATHS = "$(inherited) @executable_path/Frameworks";
				PRODUCT_BUNDLE_IDENTIFIER = es.ulpgc.eii.AnimatedClock;
				PRODUCT_NAME = "$(TARGET_NAME)";
				SWIFT_VERSION = 3.0;
			};
			name = Debug;
		};
		FBE75F0E1ED4461D00902F81 /* Release */ = {
			isa = XCBuildConfiguration;
			buildSettings = {
				ASSETCATALOG_COMPILER_APPICON_NAME = AppIcon;
				DEVELOPMENT_TEAM = CTLLY45L74;
				INFOPLIST_FILE = AnimatedClock/Info.plist;
				IPHONEOS_DEPLOYMENT_TARGET = 9.3;
				LD_RUNPATH_SEARCH_PATHS = "$(inherited) @executable_path/Frameworks";
				PRODUCT_BUNDLE_IDENTIFIER = es.ulpgc.eii.AnimatedClock;
				PRODUCT_NAME = "$(TARGET_NAME)";
				SWIFT_VERSION = 3.0;
			};
			name = Release;
		};
/* End XCBuildConfiguration section */

/* Begin XCConfigurationList section */
		FBE75EF51ED4461C00902F81 /* Build configuration list for PBXProject "AnimatedClock" */ = {
			isa = XCConfigurationList;
			buildConfigurations = (
				FBE75F0A1ED4461D00902F81 /* Debug */,
				FBE75F0B1ED4461D00902F81 /* Release */,
			);
			defaultConfigurationIsVisible = 0;
			defaultConfigurationName = Release;
		};
		FBE75F0C1ED4461D00902F81 /* Build configuration list for PBXNativeTarget "AnimatedClock" */ = {
			isa = XCConfigurationList;
			buildConfigurations = (
				FBE75F0D1ED4461D00902F81 /* Debug */,
				FBE75F0E1ED4461D00902F81 /* Release */,
			);
			defaultConfigurationIsVisible = 0;
			defaultConfigurationName = Release;
		};
/* End XCConfigurationList section */
	};
	rootObject = FBE75EF21ED4461C00902F81 /* Project object */;
}
